
Microsoft Visual Studio Solution File, Format Version 12.00
# Visual Studio Version 17
VisualStudioVersion = 17.1.32407.343
MinimumVisualStudioVersion = 10.0.40219.1
Project("{FAE04EC0-301F-11D3-BF4B-00C04F79EFBC}") = "UsersLibrary", "UsersLibrary\UsersLibrary.csproj", "{1283C04D-3957-4E0F-A625-BC253090A7E7}"
EndProject
Project("{FAE04EC0-301F-11D3-BF4B-00C04F79EFBC}") = "PasswordManagerApp", "PasswordManagerMainWindow\PasswordManagerApp.csproj", "{95E6EDE7-0CEC-411D-A83F-4A6AC6A8EC44}"
EndProject
Project("{FAE04EC0-301F-11D3-BF4B-00C04F79EFBC}") = "ConsoleApp1", "ConsoleApp1\ConsoleApp1.csproj", "{289E37A9-AB38-4502-97BA-B256495F2876}"
EndProject
Project("{FAE04EC0-301F-11D3-BF4B-00C04F79EFBC}") = "ServicesLibrary", "Services\ServicesLibrary.csproj", "{197BFFCB-A95B-4DA8-A4AF-9905997D6039}"
EndProject
Project("{FAE04EC0-301F-11D3-BF4B-00C04F79EFBC}") = "Data", "Data\Data.csproj", "{8931477F-FDC0-4B2C-BB9E-BF2F0E8B0864}"
EndProject
Global
	GlobalSection(SolutionConfigurationPlatforms) = preSolution
		Debug|Any CPU = Debug|Any CPU
		Release|Any CPU = Release|Any CPU
	EndGlobalSection
	GlobalSection(ProjectConfigurationPlatforms) = postSolution
		{1283C04D-3957-4E0F-A625-BC253090A7E7}.Debug|Any CPU.ActiveCfg = Debug|Any CPU
		{1283C04D-3957-4E0F-A625-BC253090A7E7}.Debug|Any CPU.Build.0 = Debug|Any CPU
		{1283C04D-3957-4E0F-A625-BC253090A7E7}.Release|Any CPU.ActiveCfg = Release|Any CPU
		{1283C04D-3957-4E0F-A625-BC253090A7E7}.Release|Any CPU.Build.0 = Release|Any CPU
		{95E6EDE7-0CEC-411D-A83F-4A6AC6A8EC44}.Debug|Any CPU.ActiveCfg = Debug|Any CPU
		{95E6EDE7-0CEC-411D-A83F-4A6AC6A8EC44}.Debug|Any CPU.Build.0 = Debug|Any CPU
		{95E6EDE7-0CEC-411D-A83F-4A6AC6A8EC44}.Release|Any CPU.ActiveCfg = Release|Any CPU
		{95E6EDE7-0CEC-411D-A83F-4A6AC6A8EC44}.Release|Any CPU.Build.0 = Release|Any CPU
		{289E37A9-AB38-4502-97BA-B256495F2876}.Debug|Any CPU.ActiveCfg = Debug|Any CPU
		{289E37A9-AB38-4502-97BA-B256495F2876}.Debug|Any CPU.Build.0 = Debug|Any CPU
		{289E37A9-AB38-4502-97BA-B256495F2876}.Release|Any CPU.ActiveCfg = Release|Any CPU
		{289E37A9-AB38-4502-97BA-B256495F2876}.Release|Any CPU.Build.0 = Release|Any CPU
		{197BFFCB-A95B-4DA8-A4AF-9905997D6039}.Debug|Any CPU.ActiveCfg = Debug|Any CPU
		{197BFFCB-A95B-4DA8-A4AF-9905997D6039}.Debug|Any CPU.Build.0 = Debug|Any CPU
		{197BFFCB-A95B-4DA8-A4AF-9905997D6039}.Release|Any CPU.ActiveCfg = Release|Any CPU
		{197BFFCB-A95B-4DA8-A4AF-9905997D6039}.Release|Any CPU.Build.0 = Release|Any CPU
		{8931477F-FDC0-4B2C-BB9E-BF2F0E8B0864}.Debug|Any CPU.ActiveCfg = Debug|Any CPU
		{8931477F-FDC0-4B2C-BB9E-BF2F0E8B0864}.Debug|Any CPU.Build.0 = Debug|Any CPU
		{8931477F-FDC0-4B2C-BB9E-BF2F0E8B0864}.Release|Any CPU.ActiveCfg = Release|Any CPU
		{8931477F-FDC0-4B2C-BB9E-BF2F0E8B0864}.Release|Any CPU.Build.0 = Release|Any CPU
	EndGlobalSection
	GlobalSection(SolutionProperties) = preSolution
		HideSolutionNode = FALSE
	EndGlobalSection
	GlobalSection(ExtensibilityGlobals) = postSolution
		SolutionGuid = {3BCBFFCB-8C2E-4EFD-A40E-EC4D4D5345B2}
	EndGlobalSection
EndGlobal
